
Microsoft Visual Studio Solution File, Format Version 12.00
# Visual Studio 2017
Project("{FAE04EC0-301F-11D3-BF4B-00C04F79EFBC}") = "Chopping.Plugins", "Chopping.Plugins.csproj", "{AC9AD92C-8E1D-E758-18CA-4A755D1B9309}"
EndProject
Project("{FAE04EC0-301F-11D3-BF4B-00C04F79EFBC}") = "Chopping", "Chopping.csproj", "{8A8A0D5B-C495-7D85-103B-E8FDC78376CE}"
EndProject
Project("{FAE04EC0-301F-11D3-BF4B-00C04F79EFBC}") = "Chopping.Editor.Plugins", "Chopping.Editor.Plugins.csproj", "{C03A7CC1-43D8-048F-B456-111C76AF6CA0}"
EndProject
Global
	GlobalSection(SolutionConfigurationPlatforms) = preSolution
		Debug|Any CPU = Debug|Any CPU
		Release|Any CPU = Release|Any CPU
	EndGlobalSection
	GlobalSection(ProjectConfigurationPlatforms) = postSolution
		{AC9AD92C-8E1D-E758-18CA-4A755D1B9309}.Debug|Any CPU.ActiveCfg = Debug|Any CPU
		{AC9AD92C-8E1D-E758-18CA-4A755D1B9309}.Debug|Any CPU.Build.0 = Debug|Any CPU
		{AC9AD92C-8E1D-E758-18CA-4A755D1B9309}.Release|Any CPU.ActiveCfg = Release|Any CPU
		{AC9AD92C-8E1D-E758-18CA-4A755D1B9309}.Release|Any CPU.Build.0 = Release|Any CPU
		{8A8A0D5B-C495-7D85-103B-E8FDC78376CE}.Debug|Any CPU.ActiveCfg = Debug|Any CPU
		{8A8A0D5B-C495-7D85-103B-E8FDC78376CE}.Debug|Any CPU.Build.0 = Debug|Any CPU
		{8A8A0D5B-C495-7D85-103B-E8FDC78376CE}.Release|Any CPU.ActiveCfg = Release|Any CPU
		{8A8A0D5B-C495-7D85-103B-E8FDC78376CE}.Release|Any CPU.Build.0 = Release|Any CPU
		{C03A7CC1-43D8-048F-B456-111C76AF6CA0}.Debug|Any CPU.ActiveCfg = Debug|Any CPU
		{C03A7CC1-43D8-048F-B456-111C76AF6CA0}.Debug|Any CPU.Build.0 = Debug|Any CPU
		{C03A7CC1-43D8-048F-B456-111C76AF6CA0}.Release|Any CPU.ActiveCfg = Release|Any CPU
		{C03A7CC1-43D8-048F-B456-111C76AF6CA0}.Release|Any CPU.Build.0 = Release|Any CPU
	EndGlobalSection
	GlobalSection(SolutionProperties) = preSolution
		HideSolutionNode = FALSE
	EndGlobalSection
EndGlobal
